
Microsoft Visual Studio Solution File, Format Version 12.00
# Visual Studio 2013
VisualStudioVersion = 12.0.40629.0
MinimumVisualStudioVersion = 10.0.40219.1
Project("{8BC9CEB8-8B4A-11D0-8D11-00A0C91BC942}") = "test_app", "test_app\test_app.vcxproj", "{ADEC115C-CB87-419D-A7E8-A3CEA61BBBE1}"
EndProject
Project("{8BC9CEB8-8B4A-11D0-8D11-00A0C91BC942}") = "library", "library\library.vcxproj", "{DE334290-8CE2-43A0-8EF9-B5948E098FD1}"
EndProject
Project("{8BC9CEB8-8B4A-11D0-8D11-00A0C91BC942}") = "_include", "_include\_include.vcxproj", "{F2805AC3-6E67-48A6-8E38-81663116694F}"
EndProject
Project("{8BC9CEB8-8B4A-11D0-8D11-00A0C91BC942}") = "proxy", "proxy\proxy.vcxproj", "{12581A4D-4853-4968-AE46-DDECDF19A752}"
EndProject
Global
	GlobalSection(SolutionConfigurationPlatforms) = preSolution
		Debug|Win32 = Debug|Win32
		Release|Win32 = Release|Win32
	EndGlobalSection
	GlobalSection(ProjectConfigurationPlatforms) = postSolution
		{ADEC115C-CB87-419D-A7E8-A3CEA61BBBE1}.Debug|Win32.ActiveCfg = Debug|Win32
		{ADEC115C-CB87-419D-A7E8-A3CEA61BBBE1}.Debug|Win32.Build.0 = Debug|Win32
		{ADEC115C-CB87-419D-A7E8-A3CEA61BBBE1}.Release|Win32.ActiveCfg = Release|Win32
		{ADEC115C-CB87-419D-A7E8-A3CEA61BBBE1}.Release|Win32.Build.0 = Release|Win32
		{DE334290-8CE2-43A0-8EF9-B5948E098FD1}.Debug|Win32.ActiveCfg = Debug|Win32
		{DE334290-8CE2-43A0-8EF9-B5948E098FD1}.Debug|Win32.Build.0 = Debug|Win32
		{DE334290-8CE2-43A0-8EF9-B5948E098FD1}.Release|Win32.ActiveCfg = Release|Win32
		{DE334290-8CE2-43A0-8EF9-B5948E098FD1}.Release|Win32.Build.0 = Release|Win32
		{F2805AC3-6E67-48A6-8E38-81663116694F}.Debug|Win32.ActiveCfg = Debug|Win32
		{F2805AC3-6E67-48A6-8E38-81663116694F}.Debug|Win32.Build.0 = Debug|Win32
		{F2805AC3-6E67-48A6-8E38-81663116694F}.Release|Win32.ActiveCfg = Release|Win32
		{F2805AC3-6E67-48A6-8E38-81663116694F}.Release|Win32.Build.0 = Release|Win32
		{12581A4D-4853-4968-AE46-DDECDF19A752}.Debug|Win32.ActiveCfg = Debug|Win32
		{12581A4D-4853-4968-AE46-DDECDF19A752}.Debug|Win32.Build.0 = Debug|Win32
		{12581A4D-4853-4968-AE46-DDECDF19A752}.Release|Win32.ActiveCfg = Release|Win32
		{12581A4D-4853-4968-AE46-DDECDF19A752}.Release|Win32.Build.0 = Release|Win32
	EndGlobalSection
	GlobalSection(SolutionProperties) = preSolution
		HideSolutionNode = FALSE
	EndGlobalSection
EndGlobal
